// !$*UTF8*$!
{
	archiveVersion = 1;
	classes = {
	};
	objectVersion = 50;
	objects = {

/* Begin PBXBuildFile section */
		9D42FF692134B189002A52CD /* AppDelegate.swift in Sources */ = {isa = PBXBuildFile; fileRef = 9D42FF682134B189002A52CD /* AppDelegate.swift */; };
		9D42FF6E2134B189002A52CD /* Main.storyboard in Resources */ = {isa = PBXBuildFile; fileRef = 9D42FF6C2134B189002A52CD /* Main.storyboard */; };
		9D42FF702134B18B002A52CD /* Assets.xcassets in Resources */ = {isa = PBXBuildFile; fileRef = 9D42FF6F2134B18B002A52CD /* Assets.xcassets */; };
		9D42FF732134B18B002A52CD /* LaunchScreen.storyboard in Resources */ = {isa = PBXBuildFile; fileRef = 9D42FF712134B18B002A52CD /* LaunchScreen.storyboard */; };
		9D42FF7E2134B18B002A52CD /* HelloWorldTests.swift in Sources */ = {isa = PBXBuildFile; fileRef = 9D42FF7D2134B18B002A52CD /* HelloWorldTests.swift */; };
		9D42FF892134B18B002A52CD /* HelloWorldUITests.swift in Sources */ = {isa = PBXBuildFile; fileRef = 9D42FF882134B18B002A52CD /* HelloWorldUITests.swift */; };
		9D42FF972134B8BD002A52CD /* HelloWorldViewController.swift in Sources */ = {isa = PBXBuildFile; fileRef = 9D42FF962134B8BD002A52CD /* HelloWorldViewController.swift */; };
/* End PBXBuildFile section */

/* Begin PBXContainerItemProxy section */
		9D42FF7A2134B18B002A52CD /* PBXContainerItemProxy */ = {
			isa = PBXContainerItemProxy;
			containerPortal = 9D42FF5D2134B188002A52CD /* Project object */;
			proxyType = 1;
			remoteGlobalIDString = 9D42FF642134B189002A52CD;
			remoteInfo = HelloWorld;
		};
		9D42FF852134B18B002A52CD /* PBXContainerItemProxy */ = {
			isa = PBXContainerItemProxy;
			containerPortal = 9D42FF5D2134B188002A52CD /* Project object */;
			proxyType = 1;
			remoteGlobalIDString = 9D42FF642134B189002A52CD;
			remoteInfo = HelloWorld;
		};
/* End PBXContainerItemProxy section */

/* Begin PBXFileReference section */
		9D42FF652134B189002A52CD /* HelloWorld.app */ = {isa = PBXFileReference; explicitFileType = wrapper.application; includeInIndex = 0; path = HelloWorld.app; sourceTree = BUILT_PRODUCTS_DIR; };
		9D42FF682134B189002A52CD /* AppDelegate.swift */ = {isa = PBXFileReference; lastKnownFileType = sourcecode.swift; path = AppDelegate.swift; sourceTree = "<group>"; };
		9D42FF6D2134B189002A52CD /* Base */ = {isa = PBXFileReference; lastKnownFileType = file.storyboard; name = Base; path = Base.lproj/Main.storyboard; sourceTree = "<group>"; };
		9D42FF6F2134B18B002A52CD /* Assets.xcassets */ = {isa = PBXFileReference; lastKnownFileType = folder.assetcatalog; path = Assets.xcassets; sourceTree = "<group>"; };
		9D42FF722134B18B002A52CD /* Base */ = {isa = PBXFileReference; lastKnownFileType = file.storyboard; name = Base; path = Base.lproj/LaunchScreen.storyboard; sourceTree = "<group>"; };
		9D42FF742134B18B002A52CD /* Info.plist */ = {isa = PBXFileReference; lastKnownFileType = text.plist.xml; path = Info.plist; sourceTree = "<group>"; };
		9D42FF792134B18B002A52CD /* HelloWorldTests.xctest */ = {isa = PBXFileReference; explicitFileType = wrapper.cfbundle; includeInIndex = 0; path = HelloWorldTests.xctest; sourceTree = BUILT_PRODUCTS_DIR; };
		9D42FF7D2134B18B002A52CD /* HelloWorldTests.swift */ = {isa = PBXFileReference; lastKnownFileType = sourcecode.swift; path = HelloWorldTests.swift; sourceTree = "<group>"; };
		9D42FF7F2134B18B002A52CD /* Info.plist */ = {isa = PBXFileReference; lastKnownFileType = text.plist.xml; path = Info.plist; sourceTree = "<group>"; };
		9D42FF842134B18B002A52CD /* HelloWorldUITests.xctest */ = {isa = PBXFileReference; explicitFileType = wrapper.cfbundle; includeInIndex = 0; path = HelloWorldUITests.xctest; sourceTree = BUILT_PRODUCTS_DIR; };
		9D42FF882134B18B002A52CD /* HelloWorldUITests.swift */ = {isa = PBXFileReference; lastKnownFileType = sourcecode.swift; path = HelloWorldUITests.swift; sourceTree = "<group>"; };
		9D42FF8A2134B18B002A52CD /* Info.plist */ = {isa = PBXFileReference; lastKnownFileType = text.plist.xml; path = Info.plist; sourceTree = "<group>"; };
		9D42FF962134B8BD002A52CD /* HelloWorldViewController.swift */ = {isa = PBXFileReference; lastKnownFileType = sourcecode.swift; path = HelloWorldViewController.swift; sourceTree = "<group>"; };
/* End PBXFileReference section */

/* Begin PBXFrameworksBuildPhase section */
		9D42FF622134B189002A52CD /* Frameworks */ = {
			isa = PBXFrameworksBuildPhase;
			buildActionMask = 2147483647;
			files = (
			);
			runOnlyForDeploymentPostprocessing = 0;
		};
		9D42FF762134B18B002A52CD /* Frameworks */ = {
			isa = PBXFrameworksBuildPhase;
			buildActionMask = 2147483647;
			files = (
			);
			runOnlyForDeploymentPostprocessing = 0;
		};
		9D42FF812134B18B002A52CD /* Frameworks */ = {
			isa = PBXFrameworksBuildPhase;
			buildActionMask = 2147483647;
			files = (
			);
			runOnlyForDeploymentPostprocessing = 0;
		};
/* End PBXFrameworksBuildPhase section */

/* Begin PBXGroup section */
		9D42FF5C2134B188002A52CD = {
			isa = PBXGroup;
			children = (
				9D42FF672134B189002A52CD /* HelloWorld */,
				9D42FF7C2134B18B002A52CD /* HelloWorldTests */,
				9D42FF872134B18B002A52CD /* HelloWorldUITests */,
				9D42FF662134B189002A52CD /* Products */,
			);
			sourceTree = "<group>";
		};
		9D42FF662134B189002A52CD /* Products */ = {
			isa = PBXGroup;
			children = (
				9D42FF652134B189002A52CD /* HelloWorld.app */,
				9D42FF792134B18B002A52CD /* HelloWorldTests.xctest */,
				9D42FF842134B18B002A52CD /* HelloWorldUITests.xctest */,
			);
			name = Products;
			sourceTree = "<group>";
		};
		9D42FF672134B189002A52CD /* HelloWorld */ = {
			isa = PBXGroup;
			children = (
				9D42FF682134B189002A52CD /* AppDelegate.swift */,
				9D42FF6C2134B189002A52CD /* Main.storyboard */,
				9D42FF6F2134B18B002A52CD /* Assets.xcassets */,
				9D42FF712134B18B002A52CD /* LaunchScreen.storyboard */,
				9D42FF742134B18B002A52CD /* Info.plist */,
				9D42FF962134B8BD002A52CD /* HelloWorldViewController.swift */,
			);
			path = HelloWorld;
			sourceTree = "<group>";
		};
		9D42FF7C2134B18B002A52CD /* HelloWorldTests */ = {
			isa = PBXGroup;
			children = (
				9D42FF7D2134B18B002A52CD /* HelloWorldTests.swift */,
				9D42FF7F2134B18B002A52CD /* Info.plist */,
			);
			path = HelloWorldTests;
			sourceTree = "<group>";
		};
		9D42FF872134B18B002A52CD /* HelloWorldUITests */ = {
			isa = PBXGroup;
			children = (
				9D42FF882134B18B002A52CD /* HelloWorldUITests.swift */,
				9D42FF8A2134B18B002A52CD /* Info.plist */,
			);
			path = HelloWorldUITests;
			sourceTree = "<group>";
		};
/* End PBXGroup section */

/* Begin PBXNativeTarget section */
		9D42FF642134B189002A52CD /* HelloWorld */ = {
			isa = PBXNativeTarget;
			buildConfigurationList = 9D42FF8D2134B18B002A52CD /* Build configuration list for PBXNativeTarget "HelloWorld" */;
			buildPhases = (
				9D42FF612134B189002A52CD /* Sources */,
				9D42FF622134B189002A52CD /* Frameworks */,
				9D42FF632134B189002A52CD /* Resources */,
			);
			buildRules = (
			);
			dependencies = (
			);
			name = HelloWorld;
			productName = HelloWorld;
			productReference = 9D42FF652134B189002A52CD /* HelloWorld.app */;
			productType = "com.apple.product-type.application";
		};
		9D42FF782134B18B002A52CD /* HelloWorldTests */ = {
			isa = PBXNativeTarget;
			buildConfigurationList = 9D42FF902134B18B002A52CD /* Build configuration list for PBXNativeTarget "HelloWorldTests" */;
			buildPhases = (
				9D42FF752134B18B002A52CD /* Sources */,
				9D42FF762134B18B002A52CD /* Frameworks */,
				9D42FF772134B18B002A52CD /* Resources */,
			);
			buildRules = (
			);
			dependencies = (
				9D42FF7B2134B18B002A52CD /* PBXTargetDependency */,
			);
			name = HelloWorldTests;
			productName = HelloWorldTests;
			productReference = 9D42FF792134B18B002A52CD /* HelloWorldTests.xctest */;
			productType = "com.apple.product-type.bundle.unit-test";
		};
		9D42FF832134B18B002A52CD /* HelloWorldUITests */ = {
			isa = PBXNativeTarget;
			buildConfigurationList = 9D42FF932134B18B002A52CD /* Build configuration list for PBXNativeTarget "HelloWorldUITests" */;
			buildPhases = (
				9D42FF802134B18B002A52CD /* Sources */,
				9D42FF812134B18B002A52CD /* Frameworks */,
				9D42FF822134B18B002A52CD /* Resources */,
			);
			buildRules = (
			);
			dependencies = (
				9D42FF862134B18B002A52CD /* PBXTargetDependency */,
			);
			name = HelloWorldUITests;
			productName = HelloWorldUITests;
			productReference = 9D42FF842134B18B002A52CD /* HelloWorldUITests.xctest */;
			productType = "com.apple.product-type.bundle.ui-testing";
		};
/* End PBXNativeTarget section */

/* Begin PBXProject section */
		9D42FF5D2134B188002A52CD /* Project object */ = {
			isa = PBXProject;
			attributes = {
				LastSwiftUpdateCheck = 0940;
				LastUpgradeCheck = 0940;
				ORGANIZATIONNAME = KirtisOrendorff;
				TargetAttributes = {
					9D42FF642134B189002A52CD = {
						CreatedOnToolsVersion = 9.4.1;
					};
					9D42FF782134B18B002A52CD = {
						CreatedOnToolsVersion = 9.4.1;
						TestTargetID = 9D42FF642134B189002A52CD;
					};
					9D42FF832134B18B002A52CD = {
						CreatedOnToolsVersion = 9.4.1;
						TestTargetID = 9D42FF642134B189002A52CD;
					};
				};
			};
			buildConfigurationList = 9D42FF602134B188002A52CD /* Build configuration list for PBXProject "HelloWorld" */;
			compatibilityVersion = "Xcode 9.3";
			developmentRegion = en;
			hasScannedForEncodings = 0;
			knownRegions = (
				en,
				Base,
			);
			mainGroup = 9D42FF5C2134B188002A52CD;
			productRefGroup = 9D42FF662134B189002A52CD /* Products */;
			projectDirPath = "";
			projectRoot = "";
			targets = (
				9D42FF642134B189002A52CD /* HelloWorld */,
				9D42FF782134B18B002A52CD /* HelloWorldTests */,
				9D42FF832134B18B002A52CD /* HelloWorldUITests */,
			);
		};
/* End PBXProject section */

/* Begin PBXResourcesBuildPhase section */
		9D42FF632134B189002A52CD /* Resources */ = {
			isa = PBXResourcesBuildPhase;
			buildActionMask = 2147483647;
			files = (
				9D42FF732134B18B002A52CD /* LaunchScreen.storyboard in Resources */,
				9D42FF702134B18B002A52CD /* Assets.xcassets in Resources */,
				9D42FF6E2134B189002A52CD /* Main.storyboard in Resources */,
			);
			runOnlyForDeploymentPostprocessing = 0;
		};
		9D42FF772134B18B002A52CD /* Resources */ = {
			isa = PBXResourcesBuildPhase;
			buildActionMask = 2147483647;
			files = (
			);
			runOnlyForDeploymentPostprocessing = 0;
		};
		9D42FF822134B18B002A52CD /* Resources */ = {
			isa = PBXResourcesBuildPhase;
			buildActionMask = 2147483647;
			files = (
			);
			runOnlyForDeploymentPostprocessing = 0;
		};
/* End PBXResourcesBuildPhase section */

/* Begin PBXSourcesBuildPhase section */
		9D42FF612134B189002A52CD /* Sources */ = {
			isa = PBXSourcesBuildPhase;
			buildActionMask = 2147483647;
			files = (
				9D42FF972134B8BD002A52CD /* HelloWorldViewController.swift in Sources */,
				9D42FF692134B189002A52CD /* AppDelegate.swift in Sources */,
			);
			runOnlyForDeploymentPostprocessing = 0;
		};
		9D42FF752134B18B002A52CD /* Sources */ = {
			isa = PBXSourcesBuildPhase;
			buildActionMask = 2147483647;
			files = (
				9D42FF7E2134B18B002A52CD /* HelloWorldTests.swift in Sources */,
			);
			runOnlyForDeploymentPostprocessing = 0;
		};
		9D42FF802134B18B002A52CD /* Sources */ = {
			isa = PBXSourcesBuildPhase;
			buildActionMask = 2147483647;
			files = (
				9D42FF892134B18B002A52CD /* HelloWorldUITests.swift in Sources */,
			);
			runOnlyForDeploymentPostprocessing = 0;
		};
/* End PBXSourcesBuildPhase section */

/* Begin PBXTargetDependency section */
		9D42FF7B2134B18B002A52CD /* PBXTargetDependency */ = {
			isa = PBXTargetDependency;
			target = 9D42FF642134B189002A52CD /* HelloWorld */;
			targetProxy = 9D42FF7A2134B18B002A52CD /* PBXContainerItemProxy */;
		};
		9D42FF862134B18B002A52CD /* PBXTargetDependency */ = {
			isa = PBXTargetDependency;
			target = 9D42FF642134B189002A52CD /* HelloWorld */;
			targetProxy = 9D42FF852134B18B002A52CD /* PBXContainerItemProxy */;
		};
/* End PBXTargetDependency section */

/* Begin PBXVariantGroup section */
		9D42FF6C2134B189002A52CD /* Main.storyboard */ = {
			isa = PBXVariantGroup;
			children = (
				9D42FF6D2134B189002A52CD /* Base */,
			);
			name = Main.storyboard;
			sourceTree = "<group>";
		};
		9D42FF712134B18B002A52CD /* LaunchScreen.storyboard */ = {
			isa = PBXVariantGroup;
			children = (
				9D42FF722134B18B002A52CD /* Base */,
			);
			name = LaunchScreen.storyboard;
			sourceTree = "<group>";
		};
/* End PBXVariantGroup section */

/* Begin XCBuildConfiguration section */
		9D42FF8B2134B18B002A52CD /* Debug */ = {
			isa = XCBuildConfiguration;
			buildSettings = {
				ALWAYS_SEARCH_USER_PATHS = NO;
				CLANG_ANALYZER_NONNULL = YES;
				CLANG_ANALYZER_NUMBER_OBJECT_CONVERSION = YES_AGGRESSIVE;
				CLANG_CXX_LANGUAGE_STANDARD = "gnu++14";
				CLANG_CXX_LIBRARY = "libc++";
				CLANG_ENABLE_MODULES = YES;
				CLANG_ENABLE_OBJC_ARC = YES;
				CLANG_ENABLE_OBJC_WEAK = YES;
				CLANG_WARN_BLOCK_CAPTURE_AUTORELEASING = YES;
				CLANG_WARN_BOOL_CONVERSION = YES;
				CLANG_WARN_COMMA = YES;
				CLANG_WARN_CONSTANT_CONVERSION = YES;
				CLANG_WARN_DEPRECATED_OBJC_IMPLEMENTATIONS = YES;
				CLANG_WARN_DIRECT_OBJC_ISA_USAGE = YES_ERROR;
				CLANG_WARN_DOCUMENTATION_COMMENTS = YES;
				CLANG_WARN_EMPTY_BODY = YES;
				CLANG_WARN_ENUM_CONVERSION = YES;
				CLANG_WARN_INFINITE_RECURSION = YES;
				CLANG_WARN_INT_CONVERSION = YES;
				CLANG_WARN_NON_LITERAL_NULL_CONVERSION = YES;
				CLANG_WARN_OBJC_IMPLICIT_RETAIN_SELF = YES;
				CLANG_WARN_OBJC_LITERAL_CONVERSION = YES;
				CLANG_WARN_OBJC_ROOT_CLASS = YES_ERROR;
				CLANG_WARN_RANGE_LOOP_ANALYSIS = YES;
				CLANG_WARN_STRICT_PROTOTYPES = YES;
				CLANG_WARN_SUSPICIOUS_MOVE = YES;
				CLANG_WARN_UNGUARDED_AVAILABILITY = YES_AGGRESSIVE;
				CLANG_WARN_UNREACHABLE_CODE = YES;
				CLANG_WARN__DUPLICATE_METHOD_MATCH = YES;
				CODE_SIGN_IDENTITY = "iPhone Developer";
				COPY_PHASE_STRIP = NO;
				DEBUG_INFORMATION_FORMAT = dwarf;
				ENABLE_STRICT_OBJC_MSGSEND = YES;
				ENABLE_TESTABILITY = YES;
				GCC_C_LANGUAGE_STANDARD = gnu11;
				GCC_DYNAMIC_NO_PIC = NO;
				GCC_NO_COMMON_BLOCKS = YES;
				GCC_OPTIMIZATION_LEVEL = 0;
				GCC_PREPROCESSOR_DEFINITIONS = (
					"DEBUG=1",
					"$(inherited)",
				);
				GCC_WARN_64_TO_32_BIT_CONVERSION = YES;
				GCC_WARN_ABOUT_RETURN_TYPE = YES_ERROR;
				GCC_WARN_UNDECLARED_SELECTOR = YES;
				GCC_WARN_UNINITIALIZED_AUTOS = YES_AGGRESSIVE;
				GCC_WARN_UNUSED_FUNCTION = YES;
				GCC_WARN_UNUSED_VARIABLE = YES;
				IPHONEOS_DEPLOYMENT_TARGET = 11.4;
				MTL_ENABLE_DEBUG_INFO = YES;
				ONLY_ACTIVE_ARCH = YES;
				SDKROOT = iphoneos;
				SWIFT_ACTIVE_COMPILATION_CONDITIONS = DEBUG;
				SWIFT_OPTIMIZATION_LEVEL = "-Onone";
			};
			name = Debug;
		};
		9D42FF8C2134B18B002A52CD /* Release */ = {
			isa = XCBuildConfiguration;
			buildSettings = {
				ALWAYS_SEARCH_USER_PATHS = NO;
				CLANG_ANALYZER_NONNULL = YES;
				CLANG_ANALYZER_NUMBER_OBJECT_CONVERSION = YES_AGGRESSIVE;
				CLANG_CXX_LANGUAGE_STANDARD = "gnu++14";
				CLANG_CXX_LIBRARY = "libc++";
				CLANG_ENABLE_MODULES = YES;
				CLANG_ENABLE_OBJC_ARC = YES;
				CLANG_ENABLE_OBJC_WEAK = YES;
				CLANG_WARN_BLOCK_CAPTURE_AUTORELEASING = YES;
				CLANG_WARN_BOOL_CONVERSION = YES;
				CLANG_WARN_COMMA = YES;
				CLANG_WARN_CONSTANT_CONVERSION = YES;
				CLANG_WARN_DEPRECATED_OBJC_IMPLEMENTATIONS = YES;
				CLANG_WARN_DIRECT_OBJC_ISA_USAGE = YES_ERROR;
				CLANG_WARN_DOCUMENTATION_COMMENTS = YES;
				CLANG_WARN_EMPTY_BODY = YES;
				CLANG_WARN_ENUM_CONVERSION = YES;
				CLANG_WARN_INFINITE_RECURSION = YES;
				CLANG_WARN_INT_CONVERSION = YES;
				CLANG_WARN_NON_LITERAL_NULL_CONVERSION = YES;
				CLANG_WARN_OBJC_IMPLICIT_RETAIN_SELF = YES;
				CLANG_WARN_OBJC_LITERAL_CONVERSION = YES;
				CLANG_WARN_OBJC_ROOT_CLASS = YES_ERROR;
				CLANG_WARN_RANGE_LOOP_ANALYSIS = YES;
				CLANG_WARN_STRICT_PROTOTYPES = YES;
				CLANG_WARN_SUSPICIOUS_MOVE = YES;
				CLANG_WARN_UNGUARDED_AVAILABILITY = YES_AGGRESSIVE;
				CLANG_WARN_UNREACHABLE_CODE = YES;
				CLANG_WARN__DUPLICATE_METHOD_MATCH = YES;
				CODE_SIGN_IDENTITY = "iPhone Developer";
				COPY_PHASE_STRIP = NO;
				DEBUG_INFORMATION_FORMAT = "dwarf-with-dsym";
				ENABLE_NS_ASSERTIONS = NO;
				ENABLE_STRICT_OBJC_MSGSEND = YES;
				GCC_C_LANGUAGE_STANDARD = gnu11;
				GCC_NO_COMMON_BLOCKS = YES;
				GCC_WARN_64_TO_32_BIT_CONVERSION = YES;
				GCC_WARN_ABOUT_RETURN_TYPE = YES_ERROR;
				GCC_WARN_UNDECLARED_SELECTOR = YES;
				GCC_WARN_UNINITIALIZED_AUTOS = YES_AGGRESSIVE;
				GCC_WARN_UNUSED_FUNCTION = YES;
				GCC_WARN_UNUSED_VARIABLE = YES;
				IPHONEOS_DEPLOYMENT_TARGET = 11.4;
				MTL_ENABLE_DEBUG_INFO = NO;
				SDKROOT = iphoneos;
				SWIFT_COMPILATION_MODE = wholemodule;
				SWIFT_OPTIMIZATION_LEVEL = "-O";
				VALIDATE_PRODUCT = YES;
			};
			name = Release;
		};
		9D42FF8E2134B18B002A52CD /* Debug */ = {
			isa = XCBuildConfiguration;
			buildSettings = {
				ASSETCATALOG_COMPILER_APPICON_NAME = AppIcon;
				CODE_SIGN_STYLE = Automatic;
				DEVELOPMENT_TEAM = NSN298SPNU;
				INFOPLIST_FILE = HelloWorld/Info.plist;
				LD_RUNPATH_SEARCH_PATHS = (
					"$(inherited)",
					"@executable_path/Frameworks",
				);
				PRODUCT_BUNDLE_IDENTIFIER = KKOMBB.HelloWorld;
				PRODUCT_NAME = "$(TARGET_NAME)";
				SWIFT_VERSION = 4.0;
				TARGETED_DEVICE_FAMILY = "1,2";
			};
			name = Debug;
		};
		9D42FF8F2134B18B002A52CD /* Release */ = {
			isa = XCBuildConfiguration;
			buildSettings = {
				ASSETCATALOG_COMPILER_APPICON_NAME = AppIcon;
				CODE_SIGN_STYLE = Automatic;
				DEVELOPMENT_TEAM = NSN298SPNU;
				INFOPLIST_FILE = HelloWorld/Info.plist;
				LD_RUNPATH_SEARCH_PATHS = (
					"$(inherited)",
					"@executable_path/Frameworks",
				);
				PRODUCT_BUNDLE_IDENTIFIER = KKOMBB.HelloWorld;
				PRODUCT_NAME = "$(TARGET_NAME)";
				SWIFT_VERSION = 4.0;
				TARGETED_DEVICE_FAMILY = "1,2";
			};
			name = Release;
		};
		9D42FF912134B18B002A52CD /* Debug */ = {
			isa = XCBuildConfiguration;
			buildSettings = {
				ALWAYS_EMBED_SWIFT_STANDARD_LIBRARIES = YES;
				BUNDLE_LOADER = "$(TEST_HOST)";
				CODE_SIGN_STYLE = Automatic;
				DEVELOPMENT_TEAM = NSN298SPNU;
				INFOPLIST_FILE = HelloWorldTests/Info.plist;
				LD_RUNPATH_SEARCH_PATHS = (
					"$(inherited)",
					"@executable_path/Frameworks",
					"@loader_path/Frameworks",
				);
				PRODUCT_BUNDLE_IDENTIFIER = KKOMBB.HelloWorldTests;
				PRODUCT_NAME = "$(TARGET_NAME)";
				SWIFT_VERSION = 4.0;
				TARGETED_DEVICE_FAMILY = "1,2";
				TEST_HOST = "$(BUILT_PRODUCTS_DIR)/HelloWorld.app/HelloWorld";
			};
			name = Debug;
		};
		9D42FF922134B18B002A52CD /* Release */ = {
			isa = XCBuildConfiguration;
			buildSettings = {
				ALWAYS_EMBED_SWIFT_STANDARD_LIBRARIES = YES;
				BUNDLE_LOADER = "$(TEST_HOST)";
				CODE_SIGN_STYLE = Automatic;
				DEVELOPMENT_TEAM = NSN298SPNU;
				INFOPLIST_FILE = HelloWorldTests/Info.plist;
				LD_RUNPATH_SEARCH_PATHS = (
					"$(inherited)",
					"@executable_path/Frameworks",
					"@loader_path/Frameworks",
				);
				PRODUCT_BUNDLE_IDENTIFIER = KKOMBB.HelloWorldTests;
				PRODUCT_NAME = "$(TARGET_NAME)";
				SWIFT_VERSION = 4.0;
				TARGETED_DEVICE_FAMILY = "1,2";
				TEST_HOST = "$(BUILT_PRODUCTS_DIR)/HelloWorld.app/HelloWorld";
			};
			name = Release;
		};
		9D42FF942134B18B002A52CD /* Debug */ = {
			isa = XCBuildConfiguration;
			buildSettings = {
				ALWAYS_EMBED_SWIFT_STANDARD_LIBRARIES = YES;
				CODE_SIGN_STYLE = Automatic;
				DEVELOPMENT_TEAM = NSN298SPNU;
				INFOPLIST_FILE = HelloWorldUITests/Info.plist;
				LD_RUNPATH_SEARCH_PATHS = (
					"$(inherited)",
					"@executable_path/Frameworks",
					"@loader_path/Frameworks",
				);
				PRODUCT_BUNDLE_IDENTIFIER = KKOMBB.HelloWorldUITests;
				PRODUCT_NAME = "$(TARGET_NAME)";
				SWIFT_VERSION = 4.0;
				TARGETED_DEVICE_FAMILY = "1,2";
				TEST_TARGET_NAME = HelloWorld;
			};
			name = Debug;
		};
		9D42FF952134B18B002A52CD /* Release */ = {
			isa = XCBuildConfiguration;
			buildSettings = {
				ALWAYS_EMBED_SWIFT_STANDARD_LIBRARIES = YES;
				CODE_SIGN_STYLE = Automatic;
				DEVELOPMENT_TEAM = NSN298SPNU;
				INFOPLIST_FILE = HelloWorldUITests/Info.plist;
				LD_RUNPATH_SEARCH_PATHS = (
					"$(inherited)",
					"@executable_path/Frameworks",
					"@loader_path/Frameworks",
				);
				PRODUCT_BUNDLE_IDENTIFIER = KKOMBB.HelloWorldUITests;
				PRODUCT_NAME = "$(TARGET_NAME)";
				SWIFT_VERSION = 4.0;
				TARGETED_DEVICE_FAMILY = "1,2";
				TEST_TARGET_NAME = HelloWorld;
			};
			name = Release;
		};
/* End XCBuildConfiguration section */

/* Begin XCConfigurationList section */
		9D42FF602134B188002A52CD /* Build configuration list for PBXProject "HelloWorld" */ = {
			isa = XCConfigurationList;
			buildConfigurations = (
				9D42FF8B2134B18B002A52CD /* Debug */,
				9D42FF8C2134B18B002A52CD /* Release */,
			);
			defaultConfigurationIsVisible = 0;
			defaultConfigurationName = Release;
		};
		9D42FF8D2134B18B002A52CD /* Build configuration list for PBXNativeTarget "HelloWorld" */ = {
			isa = XCConfigurationList;
			buildConfigurations = (
				9D42FF8E2134B18B002A52CD /* Debug */,
				9D42FF8F2134B18B002A52CD /* Release */,
			);
			defaultConfigurationIsVisible = 0;
			defaultConfigurationName = Release;
		};
		9D42FF902134B18B002A52CD /* Build configuration list for PBXNativeTarget "HelloWorldTests" */ = {
			isa = XCConfigurationList;
			buildConfigurations = (
				9D42FF912134B18B002A52CD /* Debug */,
				9D42FF922134B18B002A52CD /* Release */,
			);
			defaultConfigurationIsVisible = 0;
			defaultConfigurationName = Release;
		};
		9D42FF932134B18B002A52CD /* Build configuration list for PBXNativeTarget "HelloWorldUITests" */ = {
			isa = XCConfigurationList;
			buildConfigurations = (
				9D42FF942134B18B002A52CD /* Debug */,
				9D42FF952134B18B002A52CD /* Release */,
			);
			defaultConfigurationIsVisible = 0;
			defaultConfigurationName = Release;
		};
/* End XCConfigurationList section */
	};
	rootObject = 9D42FF5D2134B188002A52CD /* Project object */;
}
